// !$*UTF8*$!
{
	archiveVersion = 1;
	classes = {
	};
	objectVersion = 51;
	objects = {

/* Begin PBXBuildFile section */
		347DE127236FA00B003F33EF /* CheckBox.swift in Sources */ = {isa = PBXBuildFile; fileRef = 347DE126236FA00B003F33EF /* CheckBox.swift */; };
		34FFC3222369FCE20083351D /* AppDelegate.swift in Sources */ = {isa = PBXBuildFile; fileRef = 34FFC3212369FCE20083351D /* AppDelegate.swift */; };
		34FFC3262369FCE20083351D /* ViewController.swift in Sources */ = {isa = PBXBuildFile; fileRef = 34FFC3252369FCE20083351D /* ViewController.swift */; };
		34FFC3292369FCE20083351D /* Main.storyboard in Resources */ = {isa = PBXBuildFile; fileRef = 34FFC3272369FCE20083351D /* Main.storyboard */; };
		34FFC32B2369FCE30083351D /* Assets.xcassets in Resources */ = {isa = PBXBuildFile; fileRef = 34FFC32A2369FCE30083351D /* Assets.xcassets */; };
		34FFC32E2369FCE30083351D /* LaunchScreen.storyboard in Resources */ = {isa = PBXBuildFile; fileRef = 34FFC32C2369FCE30083351D /* LaunchScreen.storyboard */; };
		34FFC336236A127D0083351D /* PatientHome.swift in Sources */ = {isa = PBXBuildFile; fileRef = 34FFC335236A127D0083351D /* PatientHome.swift */; };
		34FFC338236A13E40083351D /* PatientRoutine.swift in Sources */ = {isa = PBXBuildFile; fileRef = 34FFC337236A13E40083351D /* PatientRoutine.swift */; };
		34FFC33A236A14710083351D /* PatientRoutine1.swift in Sources */ = {isa = PBXBuildFile; fileRef = 34FFC339236A14710083351D /* PatientRoutine1.swift */; };
		34FFC33C236A22490083351D /* PatientRoutineEx1.swift in Sources */ = {isa = PBXBuildFile; fileRef = 34FFC33B236A22490083351D /* PatientRoutineEx1.swift */; };
		34FFC33E236A225E0083351D /* PatientRoutineEx2.swift in Sources */ = {isa = PBXBuildFile; fileRef = 34FFC33D236A225E0083351D /* PatientRoutineEx2.swift */; };
		34FFC340236A227F0083351D /* PatientRoutineEx3.swift in Sources */ = {isa = PBXBuildFile; fileRef = 34FFC33F236A227F0083351D /* PatientRoutineEx3.swift */; };
		34FFC342236A22940083351D /* PatientRoutineEx4.swift in Sources */ = {isa = PBXBuildFile; fileRef = 34FFC341236A22940083351D /* PatientRoutineEx4.swift */; };
		34FFC344236A22A90083351D /* PatientRoutineEx5.swift in Sources */ = {isa = PBXBuildFile; fileRef = 34FFC343236A22A90083351D /* PatientRoutineEx5.swift */; };
		748CFB74236A139C00CC7068 /* PhysicalTherapistHomeScene.swift in Sources */ = {isa = PBXBuildFile; fileRef = 748CFB73236A139C00CC7068 /* PhysicalTherapistHomeScene.swift */; };
		748CFB76236A143000CC7068 /* PhysioAddPatientScene.swift in Sources */ = {isa = PBXBuildFile; fileRef = 748CFB75236A143000CC7068 /* PhysioAddPatientScene.swift */; };
		748CFB78236A155E00CC7068 /* PhysioPatientInfo.swift in Sources */ = {isa = PBXBuildFile; fileRef = 748CFB77236A155E00CC7068 /* PhysioPatientInfo.swift */; };
		EDAFE935236FA3A900A7AA2B /* ExerciseNameList.swift in Sources */ = {isa = PBXBuildFile; fileRef = EDAFE934236FA3A900A7AA2B /* ExerciseNameList.swift */; };
		EDAFE93B236FA5DB00A7AA2B /* LegRaise.png in Resources */ = {isa = PBXBuildFile; fileRef = EDAFE936236FA5DA00A7AA2B /* LegRaise.png */; };
		EDAFE93C236FA5DB00A7AA2B /* ArmRaise.png in Resources */ = {isa = PBXBuildFile; fileRef = EDAFE937236FA5DA00A7AA2B /* ArmRaise.png */; };
		EDAFE93D236FA5DB00A7AA2B /* ShoulderSqueeze.png in Resources */ = {isa = PBXBuildFile; fileRef = EDAFE938236FA5DB00A7AA2B /* ShoulderSqueeze.png */; };
		EDAFE93E236FA5DB00A7AA2B /* KneeBend.png in Resources */ = {isa = PBXBuildFile; fileRef = EDAFE939236FA5DB00A7AA2B /* KneeBend.png */; };
		EDAFE93F236FA5DB00A7AA2B /* CalfRaise.png in Resources */ = {isa = PBXBuildFile; fileRef = EDAFE93A236FA5DB00A7AA2B /* CalfRaise.png */; };
		EDAFE942236FC32A00A7AA2B /* PhysioAddRoutine.swift in Sources */ = {isa = PBXBuildFile; fileRef = EDAFE941236FC32A00A7AA2B /* PhysioAddRoutine.swift */; };
		EDD35D22236FFA5200065ACA /* StartExercise.swift in Sources */ = {isa = PBXBuildFile; fileRef = EDD35D21236FFA5200065ACA /* StartExercise.swift */; };
		EDD35D24236FFAA100065ACA /* ExerciseHomePage.swift in Sources */ = {isa = PBXBuildFile; fileRef = EDD35D23236FFAA100065ACA /* ExerciseHomePage.swift */; };
		EDD35D26236FFB6100065ACA /* ExerciseList.swift in Sources */ = {isa = PBXBuildFile; fileRef = EDD35D25236FFB6100065ACA /* ExerciseList.swift */; };
		EDD35D2823700F5200065ACA /* TempExercise.swift in Sources */ = {isa = PBXBuildFile; fileRef = EDD35D2723700F5200065ACA /* TempExercise.swift */; };
		EDD35D2A23701F9B00065ACA /* TempExerciseDetail.swift in Sources */ = {isa = PBXBuildFile; fileRef = EDD35D2923701F9B00065ACA /* TempExerciseDetail.swift */; };
		FD88ED112378BA2B005F3B34 /* onboarding.storyboard in Resources */ = {isa = PBXBuildFile; fileRef = FD88ED102378BA2B005F3B34 /* onboarding.storyboard */; };
		FD88ED132378BA49005F3B34 /* login.storyboard in Resources */ = {isa = PBXBuildFile; fileRef = FD88ED122378BA49005F3B34 /* login.storyboard */; };
		FD88ED152378BA5E005F3B34 /* patientHome.storyboard in Resources */ = {isa = PBXBuildFile; fileRef = FD88ED142378BA5E005F3B34 /* patientHome.storyboard */; };
		FD88ED172378BA6F005F3B34 /* physioHome.storyboard in Resources */ = {isa = PBXBuildFile; fileRef = FD88ED162378BA6F005F3B34 /* physioHome.storyboard */; };
		FD88ED192378BAB6005F3B34 /* physioAddPatient.storyboard in Resources */ = {isa = PBXBuildFile; fileRef = FD88ED182378BAB6005F3B34 /* physioAddPatient.storyboard */; };
		FD88ED1D2378BB2E005F3B34 /* physioCreateRoutine.storyboard in Resources */ = {isa = PBXBuildFile; fileRef = FD88ED1C2378BB2E005F3B34 /* physioCreateRoutine.storyboard */; };
		FD88ED1F2378BB49005F3B34 /* physioViewData.storyboard in Resources */ = {isa = PBXBuildFile; fileRef = FD88ED1E2378BB49005F3B34 /* physioViewData.storyboard */; };
		FD88ED212378BB62005F3B34 /* patientExecuteRoutine.storyboard in Resources */ = {isa = PBXBuildFile; fileRef = FD88ED202378BB62005F3B34 /* patientExecuteRoutine.storyboard */; };
		FD88ED232378BB76005F3B34 /* patientViewData.storyboard in Resources */ = {isa = PBXBuildFile; fileRef = FD88ED222378BB76005F3B34 /* patientViewData.storyboard */; };
		FD88ED2A2378C394005F3B34 /* Constants.swift in Sources */ = {isa = PBXBuildFile; fileRef = FD88ED292378C394005F3B34 /* Constants.swift */; };
		FD88ED312378CAAB005F3B34 /* AuthorizationScreen.swift in Sources */ = {isa = PBXBuildFile; fileRef = FD88ED302378CAAB005F3B34 /* AuthorizationScreen.swift */; };
		FD88ED332378CE48005F3B34 /* home.storyboard in Resources */ = {isa = PBXBuildFile; fileRef = FD88ED322378CE48005F3B34 /* home.storyboard */; };
		FD88ED352378D91B005F3B34 /* LoginScreen.swift in Sources */ = {isa = PBXBuildFile; fileRef = FD88ED342378D91B005F3B34 /* LoginScreen.swift */; };
		FD88ED372379DFA2005F3B34 /* PatientRoutineTableScreen.swift in Sources */ = {isa = PBXBuildFile; fileRef = FD88ED362379DFA2005F3B34 /* PatientRoutineTableScreen.swift */; };
		FD88ED392379E3AE005F3B34 /* PatientRoutineCell.swift in Sources */ = {isa = PBXBuildFile; fileRef = FD88ED382379E3AE005F3B34 /* PatientRoutineCell.swift */; };
/* End PBXBuildFile section */

/* Begin PBXFileReference section */
		347DE126236FA00B003F33EF /* CheckBox.swift */ = {isa = PBXFileReference; lastKnownFileType = sourcecode.swift; path = CheckBox.swift; sourceTree = "<group>"; };
		34FFC31E2369FCE20083351D /* StabilityLink12.app */ = {isa = PBXFileReference; explicitFileType = wrapper.application; includeInIndex = 0; path = StabilityLink12.app; sourceTree = BUILT_PRODUCTS_DIR; };
		34FFC3212369FCE20083351D /* AppDelegate.swift */ = {isa = PBXFileReference; lastKnownFileType = sourcecode.swift; path = AppDelegate.swift; sourceTree = "<group>"; };
		34FFC3252369FCE20083351D /* ViewController.swift */ = {isa = PBXFileReference; lastKnownFileType = sourcecode.swift; path = ViewController.swift; sourceTree = "<group>"; };
		34FFC3282369FCE20083351D /* Base */ = {isa = PBXFileReference; lastKnownFileType = file.storyboard; name = Base; path = Base.lproj/Main.storyboard; sourceTree = "<group>"; };
		34FFC32A2369FCE30083351D /* Assets.xcassets */ = {isa = PBXFileReference; lastKnownFileType = folder.assetcatalog; path = Assets.xcassets; sourceTree = "<group>"; };
		34FFC32D2369FCE30083351D /* Base */ = {isa = PBXFileReference; lastKnownFileType = file.storyboard; name = Base; path = Base.lproj/LaunchScreen.storyboard; sourceTree = "<group>"; };
		34FFC32F2369FCE30083351D /* Info.plist */ = {isa = PBXFileReference; lastKnownFileType = text.plist.xml; path = Info.plist; sourceTree = "<group>"; };
		34FFC335236A127D0083351D /* PatientHome.swift */ = {isa = PBXFileReference; lastKnownFileType = sourcecode.swift; path = PatientHome.swift; sourceTree = "<group>"; };
		34FFC337236A13E40083351D /* PatientRoutine.swift */ = {isa = PBXFileReference; lastKnownFileType = sourcecode.swift; path = PatientRoutine.swift; sourceTree = "<group>"; };
		34FFC339236A14710083351D /* PatientRoutine1.swift */ = {isa = PBXFileReference; lastKnownFileType = sourcecode.swift; path = PatientRoutine1.swift; sourceTree = "<group>"; };
		34FFC33B236A22490083351D /* PatientRoutineEx1.swift */ = {isa = PBXFileReference; lastKnownFileType = sourcecode.swift; path = PatientRoutineEx1.swift; sourceTree = "<group>"; };
		34FFC33D236A225E0083351D /* PatientRoutineEx2.swift */ = {isa = PBXFileReference; lastKnownFileType = sourcecode.swift; path = PatientRoutineEx2.swift; sourceTree = "<group>"; };
		34FFC33F236A227F0083351D /* PatientRoutineEx3.swift */ = {isa = PBXFileReference; lastKnownFileType = sourcecode.swift; path = PatientRoutineEx3.swift; sourceTree = "<group>"; };
		34FFC341236A22940083351D /* PatientRoutineEx4.swift */ = {isa = PBXFileReference; lastKnownFileType = sourcecode.swift; path = PatientRoutineEx4.swift; sourceTree = "<group>"; };
		34FFC343236A22A90083351D /* PatientRoutineEx5.swift */ = {isa = PBXFileReference; lastKnownFileType = sourcecode.swift; path = PatientRoutineEx5.swift; sourceTree = "<group>"; };
		748CFB73236A139C00CC7068 /* PhysicalTherapistHomeScene.swift */ = {isa = PBXFileReference; lastKnownFileType = sourcecode.swift; path = PhysicalTherapistHomeScene.swift; sourceTree = "<group>"; };
		748CFB75236A143000CC7068 /* PhysioAddPatientScene.swift */ = {isa = PBXFileReference; lastKnownFileType = sourcecode.swift; path = PhysioAddPatientScene.swift; sourceTree = "<group>"; };
		748CFB77236A155E00CC7068 /* PhysioPatientInfo.swift */ = {isa = PBXFileReference; lastKnownFileType = sourcecode.swift; path = PhysioPatientInfo.swift; sourceTree = "<group>"; };
		EDAFE934236FA3A900A7AA2B /* ExerciseNameList.swift */ = {isa = PBXFileReference; lastKnownFileType = sourcecode.swift; path = ExerciseNameList.swift; sourceTree = "<group>"; };
		EDAFE936236FA5DA00A7AA2B /* LegRaise.png */ = {isa = PBXFileReference; lastKnownFileType = image.png; path = LegRaise.png; sourceTree = "<group>"; };
		EDAFE937236FA5DA00A7AA2B /* ArmRaise.png */ = {isa = PBXFileReference; lastKnownFileType = image.png; path = ArmRaise.png; sourceTree = "<group>"; };
		EDAFE938236FA5DB00A7AA2B /* ShoulderSqueeze.png */ = {isa = PBXFileReference; lastKnownFileType = image.png; path = ShoulderSqueeze.png; sourceTree = "<group>"; };
		EDAFE939236FA5DB00A7AA2B /* KneeBend.png */ = {isa = PBXFileReference; lastKnownFileType = image.png; path = KneeBend.png; sourceTree = "<group>"; };
		EDAFE93A236FA5DB00A7AA2B /* CalfRaise.png */ = {isa = PBXFileReference; lastKnownFileType = image.png; path = CalfRaise.png; sourceTree = "<group>"; };
		EDAFE941236FC32A00A7AA2B /* PhysioAddRoutine.swift */ = {isa = PBXFileReference; lastKnownFileType = sourcecode.swift; path = PhysioAddRoutine.swift; sourceTree = "<group>"; };
		EDD35D21236FFA5200065ACA /* StartExercise.swift */ = {isa = PBXFileReference; lastKnownFileType = sourcecode.swift; path = StartExercise.swift; sourceTree = "<group>"; };
		EDD35D23236FFAA100065ACA /* ExerciseHomePage.swift */ = {isa = PBXFileReference; lastKnownFileType = sourcecode.swift; path = ExerciseHomePage.swift; sourceTree = "<group>"; };
		EDD35D25236FFB6100065ACA /* ExerciseList.swift */ = {isa = PBXFileReference; lastKnownFileType = sourcecode.swift; path = ExerciseList.swift; sourceTree = "<group>"; };
		EDD35D2723700F5200065ACA /* TempExercise.swift */ = {isa = PBXFileReference; lastKnownFileType = sourcecode.swift; path = TempExercise.swift; sourceTree = "<group>"; };
		EDD35D2923701F9B00065ACA /* TempExerciseDetail.swift */ = {isa = PBXFileReference; lastKnownFileType = sourcecode.swift; path = TempExerciseDetail.swift; sourceTree = "<group>"; };
		FD88ED102378BA2B005F3B34 /* onboarding.storyboard */ = {isa = PBXFileReference; lastKnownFileType = file.storyboard; path = onboarding.storyboard; sourceTree = "<group>"; };
		FD88ED122378BA49005F3B34 /* login.storyboard */ = {isa = PBXFileReference; lastKnownFileType = file.storyboard; path = login.storyboard; sourceTree = "<group>"; };
		FD88ED142378BA5E005F3B34 /* patientHome.storyboard */ = {isa = PBXFileReference; lastKnownFileType = file.storyboard; path = patientHome.storyboard; sourceTree = "<group>"; };
		FD88ED162378BA6F005F3B34 /* physioHome.storyboard */ = {isa = PBXFileReference; lastKnownFileType = file.storyboard; path = physioHome.storyboard; sourceTree = "<group>"; };
		FD88ED182378BAB6005F3B34 /* physioAddPatient.storyboard */ = {isa = PBXFileReference; lastKnownFileType = file.storyboard; path = physioAddPatient.storyboard; sourceTree = "<group>"; };
		FD88ED1C2378BB2E005F3B34 /* physioCreateRoutine.storyboard */ = {isa = PBXFileReference; lastKnownFileType = file.storyboard; path = physioCreateRoutine.storyboard; sourceTree = "<group>"; };
		FD88ED1E2378BB49005F3B34 /* physioViewData.storyboard */ = {isa = PBXFileReference; lastKnownFileType = file.storyboard; path = physioViewData.storyboard; sourceTree = "<group>"; };
		FD88ED202378BB62005F3B34 /* patientExecuteRoutine.storyboard */ = {isa = PBXFileReference; lastKnownFileType = file.storyboard; path = patientExecuteRoutine.storyboard; sourceTree = "<group>"; };
		FD88ED222378BB76005F3B34 /* patientViewData.storyboard */ = {isa = PBXFileReference; lastKnownFileType = file.storyboard; path = patientViewData.storyboard; sourceTree = "<group>"; };
		FD88ED292378C394005F3B34 /* Constants.swift */ = {isa = PBXFileReference; lastKnownFileType = sourcecode.swift; path = Constants.swift; sourceTree = "<group>"; };
		FD88ED302378CAAB005F3B34 /* AuthorizationScreen.swift */ = {isa = PBXFileReference; lastKnownFileType = sourcecode.swift; path = AuthorizationScreen.swift; sourceTree = "<group>"; };
		FD88ED322378CE48005F3B34 /* home.storyboard */ = {isa = PBXFileReference; lastKnownFileType = file.storyboard; path = home.storyboard; sourceTree = "<group>"; };
		FD88ED342378D91B005F3B34 /* LoginScreen.swift */ = {isa = PBXFileReference; lastKnownFileType = sourcecode.swift; path = LoginScreen.swift; sourceTree = "<group>"; };
		FD88ED362379DFA2005F3B34 /* PatientRoutineTableScreen.swift */ = {isa = PBXFileReference; lastKnownFileType = sourcecode.swift; path = PatientRoutineTableScreen.swift; sourceTree = "<group>"; };
		FD88ED382379E3AE005F3B34 /* PatientRoutineCell.swift */ = {isa = PBXFileReference; lastKnownFileType = sourcecode.swift; path = PatientRoutineCell.swift; sourceTree = "<group>"; };
/* End PBXFileReference section */

/* Begin PBXFrameworksBuildPhase section */
		34FFC31B2369FCE20083351D /* Frameworks */ = {
			isa = PBXFrameworksBuildPhase;
			buildActionMask = 2147483647;
			files = (
			);
			runOnlyForDeploymentPostprocessing = 0;
		};
/* End PBXFrameworksBuildPhase section */

/* Begin PBXGroup section */
		34FFC3152369FCE20083351D = {
			isa = PBXGroup;
			children = (
				34FFC3202369FCE20083351D /* StabilityLink12 */,
				34FFC31F2369FCE20083351D /* Products */,
			);
			sourceTree = "<group>";
		};
		34FFC31F2369FCE20083351D /* Products */ = {
			isa = PBXGroup;
			children = (
				34FFC31E2369FCE20083351D /* StabilityLink12.app */,
			);
			name = Products;
			sourceTree = "<group>";
		};
		34FFC3202369FCE20083351D /* StabilityLink12 */ = {
			isa = PBXGroup;
			children = (
				FD88ED2D2378C471005F3B34 /* Stability Link Subclasses */,
				FD88ED2C2378C45C005F3B34 /* Model */,
				FD88ED2B2378C444005F3B34 /* Managers */,
				FD88ED282378C35C005F3B34 /* Cells */,
				FD88ED272378C349005F3B34 /* Fonts */,
				FD88ED262378C317005F3B34 /* Images */,
				FD88ED252378C0F8005F3B34 /* Utilities */,
				FD88ED242378C0E3005F3B34 /* CustomViews */,
				FD88ED0F2378BA00005F3B34 /* Storyboards */,
				FD88ED2E2378C635005F3B34 /* Screens */,
				EDAFE934236FA3A900A7AA2B /* ExerciseNameList.swift */,
				EDAFE941236FC32A00A7AA2B /* PhysioAddRoutine.swift */,
				34FFC3212369FCE20083351D /* AppDelegate.swift */,
				34FFC3252369FCE20083351D /* ViewController.swift */,
				347DE126236FA00B003F33EF /* CheckBox.swift */,
				34FFC33B236A22490083351D /* PatientRoutineEx1.swift */,
				34FFC33D236A225E0083351D /* PatientRoutineEx2.swift */,
				34FFC33F236A227F0083351D /* PatientRoutineEx3.swift */,
				34FFC341236A22940083351D /* PatientRoutineEx4.swift */,
				34FFC343236A22A90083351D /* PatientRoutineEx5.swift */,
				34FFC339236A14710083351D /* PatientRoutine1.swift */,
				34FFC337236A13E40083351D /* PatientRoutine.swift */,
				34FFC335236A127D0083351D /* PatientHome.swift */,
				748CFB77236A155E00CC7068 /* PhysioPatientInfo.swift */,
				748CFB75236A143000CC7068 /* PhysioAddPatientScene.swift */,
				748CFB73236A139C00CC7068 /* PhysicalTherapistHomeScene.swift */,
				34FFC32A2369FCE30083351D /* Assets.xcassets */,
				34FFC32C2369FCE30083351D /* LaunchScreen.storyboard */,
				34FFC32F2369FCE30083351D /* Info.plist */,
				EDAFE937236FA5DA00A7AA2B /* ArmRaise.png */,
				EDAFE93A236FA5DB00A7AA2B /* CalfRaise.png */,
				EDAFE939236FA5DB00A7AA2B /* KneeBend.png */,
				EDAFE936236FA5DA00A7AA2B /* LegRaise.png */,
				EDAFE938236FA5DB00A7AA2B /* ShoulderSqueeze.png */,
				EDD35D21236FFA5200065ACA /* StartExercise.swift */,
				EDD35D23236FFAA100065ACA /* ExerciseHomePage.swift */,
				EDD35D25236FFB6100065ACA /* ExerciseList.swift */,
				EDD35D2723700F5200065ACA /* TempExercise.swift */,
				EDD35D2923701F9B00065ACA /* TempExerciseDetail.swift */,
			);
			path = StabilityLink12;
			sourceTree = "<group>";
		};
		FD88ED0F2378BA00005F3B34 /* Storyboards */ = {
			isa = PBXGroup;
			children = (
				34FFC3272369FCE20083351D /* Main.storyboard */,
				FD88ED102378BA2B005F3B34 /* onboarding.storyboard */,
				FD88ED122378BA49005F3B34 /* login.storyboard */,
				FD88ED142378BA5E005F3B34 /* patientHome.storyboard */,
				FD88ED202378BB62005F3B34 /* patientExecuteRoutine.storyboard */,
				FD88ED222378BB76005F3B34 /* patientViewData.storyboard */,
				FD88ED162378BA6F005F3B34 /* physioHome.storyboard */,
				FD88ED182378BAB6005F3B34 /* physioAddPatient.storyboard */,
				FD88ED1C2378BB2E005F3B34 /* physioCreateRoutine.storyboard */,
				FD88ED1E2378BB49005F3B34 /* physioViewData.storyboard */,
				FD88ED322378CE48005F3B34 /* home.storyboard */,
			);
			path = Storyboards;
			sourceTree = "<group>";
		};
		FD88ED242378C0E3005F3B34 /* CustomViews */ = {
			isa = PBXGroup;
			children = (
			);
			path = CustomViews;
			sourceTree = "<group>";
		};
		FD88ED252378C0F8005F3B34 /* Utilities */ = {
			isa = PBXGroup;
			children = (
				FD88ED292378C394005F3B34 /* Constants.swift */,
			);
			path = Utilities;
			sourceTree = "<group>";
		};
		FD88ED262378C317005F3B34 /* Images */ = {
			isa = PBXGroup;
			children = (
			);
			path = Images;
			sourceTree = "<group>";
		};
		FD88ED272378C349005F3B34 /* Fonts */ = {
			isa = PBXGroup;
			children = (
			);
			path = Fonts;
			sourceTree = "<group>";
		};
		FD88ED282378C35C005F3B34 /* Cells */ = {
			isa = PBXGroup;
			children = (
				FD88ED382379E3AE005F3B34 /* PatientRoutineCell.swift */,
			);
			path = Cells;
			sourceTree = "<group>";
		};
		FD88ED2B2378C444005F3B34 /* Managers */ = {
			isa = PBXGroup;
			children = (
			);
			path = Managers;
			sourceTree = "<group>";
		};
		FD88ED2C2378C45C005F3B34 /* Model */ = {
			isa = PBXGroup;
			children = (
			);
			path = Model;
			sourceTree = "<group>";
		};
		FD88ED2D2378C471005F3B34 /* Stability Link Subclasses */ = {
			isa = PBXGroup;
			children = (
			);
			path = "Stability Link Subclasses";
			sourceTree = "<group>";
		};
		FD88ED2E2378C635005F3B34 /* Screens */ = {
			isa = PBXGroup;
			children = (
				FD88ED2F2378CA8E005F3B34 /* Authorization */,
				FD88ED342378D91B005F3B34 /* LoginScreen.swift */,
				FD88ED362379DFA2005F3B34 /* PatientRoutineTableScreen.swift */,
			);
			path = Screens;
			sourceTree = "<group>";
		};
		FD88ED2F2378CA8E005F3B34 /* Authorization */ = {
			isa = PBXGroup;
			children = (
				FD88ED302378CAAB005F3B34 /* AuthorizationScreen.swift */,
			);
			path = Authorization;
			sourceTree = "<group>";
		};
/* End PBXGroup section */

/* Begin PBXNativeTarget section */
		34FFC31D2369FCE20083351D /* StabilityLink12 */ = {
			isa = PBXNativeTarget;
			buildConfigurationList = 34FFC3322369FCE30083351D /* Build configuration list for PBXNativeTarget "StabilityLink12" */;
			buildPhases = (
				34FFC31A2369FCE20083351D /* Sources */,
				34FFC31B2369FCE20083351D /* Frameworks */,
				34FFC31C2369FCE20083351D /* Resources */,
			);
			buildRules = (
			);
			dependencies = (
			);
			name = StabilityLink12;
			productName = StabilityLink12;
			productReference = 34FFC31E2369FCE20083351D /* StabilityLink12.app */;
			productType = "com.apple.product-type.application";
		};
/* End PBXNativeTarget section */

/* Begin PBXProject section */
		34FFC3162369FCE20083351D /* Project object */ = {
			isa = PBXProject;
			attributes = {
				LastSwiftUpdateCheck = 1100;
				LastUpgradeCheck = 1100;
				ORGANIZATIONNAME = "Matthew Chute";
				TargetAttributes = {
					34FFC31D2369FCE20083351D = {
						CreatedOnToolsVersion = 11.0;
					};
				};
			};
			buildConfigurationList = 34FFC3192369FCE20083351D /* Build configuration list for PBXProject "StabilityLink12" */;
			compatibilityVersion = "Xcode 10.0";
			developmentRegion = en;
			hasScannedForEncodings = 0;
			knownRegions = (
				en,
				Base,
			);
			mainGroup = 34FFC3152369FCE20083351D;
			productRefGroup = 34FFC31F2369FCE20083351D /* Products */;
			projectDirPath = "";
			projectRoot = "";
			targets = (
				34FFC31D2369FCE20083351D /* StabilityLink12 */,
			);
		};
/* End PBXProject section */

/* Begin PBXResourcesBuildPhase section */
		34FFC31C2369FCE20083351D /* Resources */ = {
			isa = PBXResourcesBuildPhase;
			buildActionMask = 2147483647;
			files = (
				FD88ED1F2378BB49005F3B34 /* physioViewData.storyboard in Resources */,
				EDAFE93D236FA5DB00A7AA2B /* ShoulderSqueeze.png in Resources */,
				EDAFE93E236FA5DB00A7AA2B /* KneeBend.png in Resources */,
				EDAFE93F236FA5DB00A7AA2B /* CalfRaise.png in Resources */,
				EDAFE93C236FA5DB00A7AA2B /* ArmRaise.png in Resources */,
				FD88ED232378BB76005F3B34 /* patientViewData.storyboard in Resources */,
				FD88ED192378BAB6005F3B34 /* physioAddPatient.storyboard in Resources */,
				34FFC32E2369FCE30083351D /* LaunchScreen.storyboard in Resources */,
				34FFC32B2369FCE30083351D /* Assets.xcassets in Resources */,
				FD88ED1D2378BB2E005F3B34 /* physioCreateRoutine.storyboard in Resources */,
				34FFC3292369FCE20083351D /* Main.storyboard in Resources */,
				FD88ED212378BB62005F3B34 /* patientExecuteRoutine.storyboard in Resources */,
				EDAFE93B236FA5DB00A7AA2B /* LegRaise.png in Resources */,
				FD88ED332378CE48005F3B34 /* home.storyboard in Resources */,
				FD88ED152378BA5E005F3B34 /* patientHome.storyboard in Resources */,
				FD88ED172378BA6F005F3B34 /* physioHome.storyboard in Resources */,
				FD88ED132378BA49005F3B34 /* login.storyboard in Resources */,
				FD88ED112378BA2B005F3B34 /* onboarding.storyboard in Resources */,
			);
			runOnlyForDeploymentPostprocessing = 0;
		};
/* End PBXResourcesBuildPhase section */

/* Begin PBXSourcesBuildPhase section */
		34FFC31A2369FCE20083351D /* Sources */ = {
			isa = PBXSourcesBuildPhase;
			buildActionMask = 2147483647;
			files = (
				34FFC336236A127D0083351D /* PatientHome.swift in Sources */,
				FD88ED2A2378C394005F3B34 /* Constants.swift in Sources */,
				34FFC342236A22940083351D /* PatientRoutineEx4.swift in Sources */,
				FD88ED312378CAAB005F3B34 /* AuthorizationScreen.swift in Sources */,
				34FFC33E236A225E0083351D /* PatientRoutineEx2.swift in Sources */,
				FD88ED352378D91B005F3B34 /* LoginScreen.swift in Sources */,
				FD88ED392379E3AE005F3B34 /* PatientRoutineCell.swift in Sources */,
				EDAFE942236FC32A00A7AA2B /* PhysioAddRoutine.swift in Sources */,
				EDD35D24236FFAA100065ACA /* ExerciseHomePage.swift in Sources */,
				34FFC33C236A22490083351D /* PatientRoutineEx1.swift in Sources */,
				EDAFE935236FA3A900A7AA2B /* ExerciseNameList.swift in Sources */,
				34FFC3262369FCE20083351D /* ViewController.swift in Sources */,
				EDD35D2A23701F9B00065ACA /* TempExerciseDetail.swift in Sources */,
				34FFC338236A13E40083351D /* PatientRoutine.swift in Sources */,
				34FFC340236A227F0083351D /* PatientRoutineEx3.swift in Sources */,
				34FFC344236A22A90083351D /* PatientRoutineEx5.swift in Sources */,
				34FFC33A236A14710083351D /* PatientRoutine1.swift in Sources */,
				EDD35D2823700F5200065ACA /* TempExercise.swift in Sources */,
				748CFB78236A155E00CC7068 /* PhysioPatientInfo.swift in Sources */,
				748CFB74236A139C00CC7068 /* PhysicalTherapistHomeScene.swift in Sources */,
				EDD35D22236FFA5200065ACA /* StartExercise.swift in Sources */,
				EDD35D26236FFB6100065ACA /* ExerciseList.swift in Sources */,
				748CFB76236A143000CC7068 /* PhysioAddPatientScene.swift in Sources */,
				FD88ED372379DFA2005F3B34 /* PatientRoutineTableScreen.swift in Sources */,
				347DE127236FA00B003F33EF /* CheckBox.swift in Sources */,
				34FFC3222369FCE20083351D /* AppDelegate.swift in Sources */,
			);
			runOnlyForDeploymentPostprocessing = 0;
		};
/* End PBXSourcesBuildPhase section */

/* Begin PBXVariantGroup section */
		34FFC3272369FCE20083351D /* Main.storyboard */ = {
			isa = PBXVariantGroup;
			children = (
				34FFC3282369FCE20083351D /* Base */,
			);
			name = Main.storyboard;
			sourceTree = "<group>";
		};
		34FFC32C2369FCE30083351D /* LaunchScreen.storyboard */ = {
			isa = PBXVariantGroup;
			children = (
				34FFC32D2369FCE30083351D /* Base */,
			);
			name = LaunchScreen.storyboard;
			sourceTree = "<group>";
		};
/* End PBXVariantGroup section */

/* Begin XCBuildConfiguration section */
		34FFC3302369FCE30083351D /* Debug */ = {
			isa = XCBuildConfiguration;
			buildSettings = {
				ALWAYS_SEARCH_USER_PATHS = NO;
				CLANG_ANALYZER_NONNULL = YES;
				CLANG_ANALYZER_NUMBER_OBJECT_CONVERSION = YES_AGGRESSIVE;
				CLANG_CXX_LANGUAGE_STANDARD = "gnu++14";
				CLANG_CXX_LIBRARY = "libc++";
				CLANG_ENABLE_MODULES = YES;
				CLANG_ENABLE_OBJC_ARC = YES;
				CLANG_ENABLE_OBJC_WEAK = YES;
				CLANG_WARN_BLOCK_CAPTURE_AUTORELEASING = YES;
				CLANG_WARN_BOOL_CONVERSION = YES;
				CLANG_WARN_COMMA = YES;
				CLANG_WARN_CONSTANT_CONVERSION = YES;
				CLANG_WARN_DEPRECATED_OBJC_IMPLEMENTATIONS = YES;
				CLANG_WARN_DIRECT_OBJC_ISA_USAGE = YES_ERROR;
				CLANG_WARN_DOCUMENTATION_COMMENTS = YES;
				CLANG_WARN_EMPTY_BODY = YES;
				CLANG_WARN_ENUM_CONVERSION = YES;
				CLANG_WARN_INFINITE_RECURSION = YES;
				CLANG_WARN_INT_CONVERSION = YES;
				CLANG_WARN_NON_LITERAL_NULL_CONVERSION = YES;
				CLANG_WARN_OBJC_IMPLICIT_RETAIN_SELF = YES;
				CLANG_WARN_OBJC_LITERAL_CONVERSION = YES;
				CLANG_WARN_OBJC_ROOT_CLASS = YES_ERROR;
				CLANG_WARN_RANGE_LOOP_ANALYSIS = YES;
				CLANG_WARN_STRICT_PROTOTYPES = YES;
				CLANG_WARN_SUSPICIOUS_MOVE = YES;
				CLANG_WARN_UNGUARDED_AVAILABILITY = YES_AGGRESSIVE;
				CLANG_WARN_UNREACHABLE_CODE = YES;
				CLANG_WARN__DUPLICATE_METHOD_MATCH = YES;
				COPY_PHASE_STRIP = NO;
				DEBUG_INFORMATION_FORMAT = dwarf;
				ENABLE_STRICT_OBJC_MSGSEND = YES;
				ENABLE_TESTABILITY = YES;
				GCC_C_LANGUAGE_STANDARD = gnu11;
				GCC_DYNAMIC_NO_PIC = NO;
				GCC_NO_COMMON_BLOCKS = YES;
				GCC_OPTIMIZATION_LEVEL = 0;
				GCC_PREPROCESSOR_DEFINITIONS = (
					"DEBUG=1",
					"$(inherited)",
				);
				GCC_WARN_64_TO_32_BIT_CONVERSION = YES;
				GCC_WARN_ABOUT_RETURN_TYPE = YES_ERROR;
				GCC_WARN_UNDECLARED_SELECTOR = YES;
				GCC_WARN_UNINITIALIZED_AUTOS = YES_AGGRESSIVE;
				GCC_WARN_UNUSED_FUNCTION = YES;
				GCC_WARN_UNUSED_VARIABLE = YES;
				IPHONEOS_DEPLOYMENT_TARGET = 13.0;
				MTL_ENABLE_DEBUG_INFO = INCLUDE_SOURCE;
				MTL_FAST_MATH = YES;
				ONLY_ACTIVE_ARCH = YES;
				SDKROOT = iphoneos;
				SWIFT_ACTIVE_COMPILATION_CONDITIONS = DEBUG;
				SWIFT_OPTIMIZATION_LEVEL = "-Onone";
			};
			name = Debug;
		};
		34FFC3312369FCE30083351D /* Release */ = {
			isa = XCBuildConfiguration;
			buildSettings = {
				ALWAYS_SEARCH_USER_PATHS = NO;
				CLANG_ANALYZER_NONNULL = YES;
				CLANG_ANALYZER_NUMBER_OBJECT_CONVERSION = YES_AGGRESSIVE;
				CLANG_CXX_LANGUAGE_STANDARD = "gnu++14";
				CLANG_CXX_LIBRARY = "libc++";
				CLANG_ENABLE_MODULES = YES;
				CLANG_ENABLE_OBJC_ARC = YES;
				CLANG_ENABLE_OBJC_WEAK = YES;
				CLANG_WARN_BLOCK_CAPTURE_AUTORELEASING = YES;
				CLANG_WARN_BOOL_CONVERSION = YES;
				CLANG_WARN_COMMA = YES;
				CLANG_WARN_CONSTANT_CONVERSION = YES;
				CLANG_WARN_DEPRECATED_OBJC_IMPLEMENTATIONS = YES;
				CLANG_WARN_DIRECT_OBJC_ISA_USAGE = YES_ERROR;
				CLANG_WARN_DOCUMENTATION_COMMENTS = YES;
				CLANG_WARN_EMPTY_BODY = YES;
				CLANG_WARN_ENUM_CONVERSION = YES;
				CLANG_WARN_INFINITE_RECURSION = YES;
				CLANG_WARN_INT_CONVERSION = YES;
				CLANG_WARN_NON_LITERAL_NULL_CONVERSION = YES;
				CLANG_WARN_OBJC_IMPLICIT_RETAIN_SELF = YES;
				CLANG_WARN_OBJC_LITERAL_CONVERSION = YES;
				CLANG_WARN_OBJC_ROOT_CLASS = YES_ERROR;
				CLANG_WARN_RANGE_LOOP_ANALYSIS = YES;
				CLANG_WARN_STRICT_PROTOTYPES = YES;
				CLANG_WARN_SUSPICIOUS_MOVE = YES;
				CLANG_WARN_UNGUARDED_AVAILABILITY = YES_AGGRESSIVE;
				CLANG_WARN_UNREACHABLE_CODE = YES;
				CLANG_WARN__DUPLICATE_METHOD_MATCH = YES;
				COPY_PHASE_STRIP = NO;
				DEBUG_INFORMATION_FORMAT = "dwarf-with-dsym";
				ENABLE_NS_ASSERTIONS = NO;
				ENABLE_STRICT_OBJC_MSGSEND = YES;
				GCC_C_LANGUAGE_STANDARD = gnu11;
				GCC_NO_COMMON_BLOCKS = YES;
				GCC_WARN_64_TO_32_BIT_CONVERSION = YES;
				GCC_WARN_ABOUT_RETURN_TYPE = YES_ERROR;
				GCC_WARN_UNDECLARED_SELECTOR = YES;
				GCC_WARN_UNINITIALIZED_AUTOS = YES_AGGRESSIVE;
				GCC_WARN_UNUSED_FUNCTION = YES;
				GCC_WARN_UNUSED_VARIABLE = YES;
				IPHONEOS_DEPLOYMENT_TARGET = 13.0;
				MTL_ENABLE_DEBUG_INFO = NO;
				MTL_FAST_MATH = YES;
				SDKROOT = iphoneos;
				SWIFT_COMPILATION_MODE = wholemodule;
				SWIFT_OPTIMIZATION_LEVEL = "-O";
				VALIDATE_PRODUCT = YES;
			};
			name = Release;
		};
		34FFC3332369FCE30083351D /* Debug */ = {
			isa = XCBuildConfiguration;
			buildSettings = {
				ASSETCATALOG_COMPILER_APPICON_NAME = AppIcon;
				CODE_SIGN_IDENTITY = "iPhone Developer";
				CODE_SIGN_STYLE = Automatic;
				DEVELOPMENT_TEAM = J3B6ANFRZG;
				INFOPLIST_FILE = StabilityLink12/Info.plist;
				IPHONEOS_DEPLOYMENT_TARGET = 12.1;
				LD_RUNPATH_SEARCH_PATHS = (
					"$(inherited)",
					"@executable_path/Frameworks",
				);
				PRODUCT_BUNDLE_IDENTIFIER = "-.StabilityLink12";
				PRODUCT_NAME = "$(TARGET_NAME)";
				PROVISIONING_PROFILE_SPECIFIER = "";
				SWIFT_VERSION = 4.2;
				TARGETED_DEVICE_FAMILY = "1,2";
			};
			name = Debug;
		};
		34FFC3342369FCE30083351D /* Release */ = {
			isa = XCBuildConfiguration;
			buildSettings = {
				ASSETCATALOG_COMPILER_APPICON_NAME = AppIcon;
				CODE_SIGN_IDENTITY = "iPhone Developer";
				CODE_SIGN_STYLE = Automatic;
				DEVELOPMENT_TEAM = J3B6ANFRZG;
				INFOPLIST_FILE = StabilityLink12/Info.plist;
				IPHONEOS_DEPLOYMENT_TARGET = 12.1;
				LD_RUNPATH_SEARCH_PATHS = (
					"$(inherited)",
					"@executable_path/Frameworks",
				);
				PRODUCT_BUNDLE_IDENTIFIER = "-.StabilityLink12";
				PRODUCT_NAME = "$(TARGET_NAME)";
				PROVISIONING_PROFILE_SPECIFIER = "";
				SWIFT_VERSION = 4.2;
				TARGETED_DEVICE_FAMILY = "1,2";
			};
			name = Release;
		};
/* End XCBuildConfiguration section */

/* Begin XCConfigurationList section */
		34FFC3192369FCE20083351D /* Build configuration list for PBXProject "StabilityLink12" */ = {
			isa = XCConfigurationList;
			buildConfigurations = (
				34FFC3302369FCE30083351D /* Debug */,
				34FFC3312369FCE30083351D /* Release */,
			);
			defaultConfigurationIsVisible = 0;
			defaultConfigurationName = Release;
		};
		34FFC3322369FCE30083351D /* Build configuration list for PBXNativeTarget "StabilityLink12" */ = {
			isa = XCConfigurationList;
			buildConfigurations = (
				34FFC3332369FCE30083351D /* Debug */,
				34FFC3342369FCE30083351D /* Release */,
			);
			defaultConfigurationIsVisible = 0;
			defaultConfigurationName = Release;
		};
/* End XCConfigurationList section */
	};
	rootObject = 34FFC3162369FCE20083351D /* Project object */;
}
