// !$*UTF8*$!
{
	archiveVersion = 1;
	classes = {
	};
	objectVersion = 50;
	objects = {

/* Begin PBXBuildFile section */
		74477E7C2367A70B00168D6F /* AppDelegate.swift in Sources */ = {isa = PBXBuildFile; fileRef = 74477E7B2367A70B00168D6F /* AppDelegate.swift */; };
		74477E7E2367A70B00168D6F /* SceneDelegate.swift in Sources */ = {isa = PBXBuildFile; fileRef = 74477E7D2367A70B00168D6F /* SceneDelegate.swift */; };
		74477E802367A70B00168D6F /* ViewController.swift in Sources */ = {isa = PBXBuildFile; fileRef = 74477E7F2367A70B00168D6F /* ViewController.swift */; };
		74477E832367A70B00168D6F /* Main.storyboard in Resources */ = {isa = PBXBuildFile; fileRef = 74477E812367A70B00168D6F /* Main.storyboard */; };
		74477E852367A71000168D6F /* Assets.xcassets in Resources */ = {isa = PBXBuildFile; fileRef = 74477E842367A71000168D6F /* Assets.xcassets */; };
		74477E882367A71000168D6F /* LaunchScreen.storyboard in Resources */ = {isa = PBXBuildFile; fileRef = 74477E862367A71000168D6F /* LaunchScreen.storyboard */; };
		74477EAA2367DBD300168D6F /* PatientHomeScreen.swift in Sources */ = {isa = PBXBuildFile; fileRef = 74477EA92367DBD300168D6F /* PatientHomeScreen.swift */; };
		74477EAC2367DC3100168D6F /* PatientInfoScreen.swift in Sources */ = {isa = PBXBuildFile; fileRef = 74477EAB2367DC3100168D6F /* PatientInfoScreen.swift */; };
		74477EAE2367DC7B00168D6F /* PhysioPatientRoutines.swift in Sources */ = {isa = PBXBuildFile; fileRef = 74477EAD2367DC7B00168D6F /* PhysioPatientRoutines.swift */; };
		74477EB02367DCB600168D6F /* PatientRoutinesScreen.swift in Sources */ = {isa = PBXBuildFile; fileRef = 74477EAF2367DCB600168D6F /* PatientRoutinesScreen.swift */; };
		74477EB22367DCEB00168D6F /* PatientSingleRoutineScreen.swift in Sources */ = {isa = PBXBuildFile; fileRef = 74477EB12367DCEB00168D6F /* PatientSingleRoutineScreen.swift */; };
		74477EB42367DD4F00168D6F /* PhysioPatientRoutine1Screen.swift in Sources */ = {isa = PBXBuildFile; fileRef = 74477EB32367DD4F00168D6F /* PhysioPatientRoutine1Screen.swift */; };
		74477EB62367DD7900168D6F /* PatientExercise3Screen.swift in Sources */ = {isa = PBXBuildFile; fileRef = 74477EB52367DD7900168D6F /* PatientExercise3Screen.swift */; };
		74477EB82367DD9E00168D6F /* PatientExercise5Screen.swift in Sources */ = {isa = PBXBuildFile; fileRef = 74477EB72367DD9E00168D6F /* PatientExercise5Screen.swift */; };
		74477EBA2367DDB700168D6F /* PatientExercise1Screen.swift in Sources */ = {isa = PBXBuildFile; fileRef = 74477EB92367DDB700168D6F /* PatientExercise1Screen.swift */; };
		74477EBC2367DDD000168D6F /* PatientExercise2Screen.swift in Sources */ = {isa = PBXBuildFile; fileRef = 74477EBB2367DDD000168D6F /* PatientExercise2Screen.swift */; };
		74477EBE2367DDE200168D6F /* PatientExercise4Screen.swift in Sources */ = {isa = PBXBuildFile; fileRef = 74477EBD2367DDE200168D6F /* PatientExercise4Screen.swift */; };
		74477EC02367DE1D00168D6F /* PhysioAddingExerciseScreen.swift in Sources */ = {isa = PBXBuildFile; fileRef = 74477EBF2367DE1D00168D6F /* PhysioAddingExerciseScreen.swift */; };
		74477EC22367DE4500168D6F /* PhysioHomeScreen.swift in Sources */ = {isa = PBXBuildFile; fileRef = 74477EC12367DE4500168D6F /* PhysioHomeScreen.swift */; };
		74477EC42367DE6900168D6F /* PhysioAddNewPatientScreen.swift in Sources */ = {isa = PBXBuildFile; fileRef = 74477EC32367DE6900168D6F /* PhysioAddNewPatientScreen.swift */; };
/* End PBXBuildFile section */

/* Begin PBXFileReference section */
		74477E782367A70B00168D6F /* StabilityLink.app */ = {isa = PBXFileReference; explicitFileType = wrapper.application; includeInIndex = 0; path = StabilityLink.app; sourceTree = BUILT_PRODUCTS_DIR; };
		74477E7B2367A70B00168D6F /* AppDelegate.swift */ = {isa = PBXFileReference; lastKnownFileType = sourcecode.swift; path = AppDelegate.swift; sourceTree = "<group>"; };
		74477E7D2367A70B00168D6F /* SceneDelegate.swift */ = {isa = PBXFileReference; lastKnownFileType = sourcecode.swift; path = SceneDelegate.swift; sourceTree = "<group>"; };
		74477E7F2367A70B00168D6F /* ViewController.swift */ = {isa = PBXFileReference; lastKnownFileType = sourcecode.swift; path = ViewController.swift; sourceTree = "<group>"; };
		74477E822367A70B00168D6F /* Base */ = {isa = PBXFileReference; lastKnownFileType = file.storyboard; name = Base; path = Base.lproj/Main.storyboard; sourceTree = "<group>"; };
		74477E842367A71000168D6F /* Assets.xcassets */ = {isa = PBXFileReference; lastKnownFileType = folder.assetcatalog; path = Assets.xcassets; sourceTree = "<group>"; };
		74477E872367A71000168D6F /* Base */ = {isa = PBXFileReference; lastKnownFileType = file.storyboard; name = Base; path = Base.lproj/LaunchScreen.storyboard; sourceTree = "<group>"; };
		74477E892367A71000168D6F /* Info.plist */ = {isa = PBXFileReference; lastKnownFileType = text.plist.xml; path = Info.plist; sourceTree = "<group>"; };
		74477EA92367DBD300168D6F /* PatientHomeScreen.swift */ = {isa = PBXFileReference; lastKnownFileType = sourcecode.swift; path = PatientHomeScreen.swift; sourceTree = "<group>"; };
		74477EAB2367DC3100168D6F /* PatientInfoScreen.swift */ = {isa = PBXFileReference; lastKnownFileType = sourcecode.swift; path = PatientInfoScreen.swift; sourceTree = "<group>"; };
		74477EAD2367DC7B00168D6F /* PhysioPatientRoutines.swift */ = {isa = PBXFileReference; lastKnownFileType = sourcecode.swift; path = PhysioPatientRoutines.swift; sourceTree = "<group>"; };
		74477EAF2367DCB600168D6F /* PatientRoutinesScreen.swift */ = {isa = PBXFileReference; lastKnownFileType = sourcecode.swift; path = PatientRoutinesScreen.swift; sourceTree = "<group>"; };
		74477EB12367DCEB00168D6F /* PatientSingleRoutineScreen.swift */ = {isa = PBXFileReference; lastKnownFileType = sourcecode.swift; path = PatientSingleRoutineScreen.swift; sourceTree = "<group>"; };
		74477EB32367DD4F00168D6F /* PhysioPatientRoutine1Screen.swift */ = {isa = PBXFileReference; lastKnownFileType = sourcecode.swift; path = PhysioPatientRoutine1Screen.swift; sourceTree = "<group>"; };
		74477EB52367DD7900168D6F /* PatientExercise3Screen.swift */ = {isa = PBXFileReference; lastKnownFileType = sourcecode.swift; path = PatientExercise3Screen.swift; sourceTree = "<group>"; };
		74477EB72367DD9E00168D6F /* PatientExercise5Screen.swift */ = {isa = PBXFileReference; lastKnownFileType = sourcecode.swift; path = PatientExercise5Screen.swift; sourceTree = "<group>"; };
		74477EB92367DDB700168D6F /* PatientExercise1Screen.swift */ = {isa = PBXFileReference; lastKnownFileType = sourcecode.swift; path = PatientExercise1Screen.swift; sourceTree = "<group>"; };
		74477EBB2367DDD000168D6F /* PatientExercise2Screen.swift */ = {isa = PBXFileReference; lastKnownFileType = sourcecode.swift; path = PatientExercise2Screen.swift; sourceTree = "<group>"; };
		74477EBD2367DDE200168D6F /* PatientExercise4Screen.swift */ = {isa = PBXFileReference; lastKnownFileType = sourcecode.swift; path = PatientExercise4Screen.swift; sourceTree = "<group>"; };
		74477EBF2367DE1D00168D6F /* PhysioAddingExerciseScreen.swift */ = {isa = PBXFileReference; lastKnownFileType = sourcecode.swift; path = PhysioAddingExerciseScreen.swift; sourceTree = "<group>"; };
		74477EC12367DE4500168D6F /* PhysioHomeScreen.swift */ = {isa = PBXFileReference; lastKnownFileType = sourcecode.swift; path = PhysioHomeScreen.swift; sourceTree = "<group>"; };
		74477EC32367DE6900168D6F /* PhysioAddNewPatientScreen.swift */ = {isa = PBXFileReference; lastKnownFileType = sourcecode.swift; path = PhysioAddNewPatientScreen.swift; sourceTree = "<group>"; };
/* End PBXFileReference section */

/* Begin PBXFrameworksBuildPhase section */
		74477E752367A70B00168D6F /* Frameworks */ = {
			isa = PBXFrameworksBuildPhase;
			buildActionMask = 2147483647;
			files = (
			);
			runOnlyForDeploymentPostprocessing = 0;
		};
/* End PBXFrameworksBuildPhase section */

/* Begin PBXGroup section */
		74477E6F2367A70B00168D6F = {
			isa = PBXGroup;
			children = (
				74477E7A2367A70B00168D6F /* StabilityLink */,
				74477E792367A70B00168D6F /* Products */,
			);
			sourceTree = "<group>";
		};
		74477E792367A70B00168D6F /* Products */ = {
			isa = PBXGroup;
			children = (
				74477E782367A70B00168D6F /* StabilityLink.app */,
			);
			name = Products;
			sourceTree = "<group>";
		};
		74477E7A2367A70B00168D6F /* StabilityLink */ = {
			isa = PBXGroup;
			children = (
				74477E7B2367A70B00168D6F /* AppDelegate.swift */,
				74477E7D2367A70B00168D6F /* SceneDelegate.swift */,
				74477E7F2367A70B00168D6F /* ViewController.swift */,
				74477E862367A71000168D6F /* LaunchScreen.storyboard */,
				74477E812367A70B00168D6F /* Main.storyboard */,
				74477EC32367DE6900168D6F /* PhysioAddNewPatientScreen.swift */,
				74477EBF2367DE1D00168D6F /* PhysioAddingExerciseScreen.swift */,
				74477EBB2367DDD000168D6F /* PatientExercise2Screen.swift */,
				74477EBD2367DDE200168D6F /* PatientExercise4Screen.swift */,
				74477EB92367DDB700168D6F /* PatientExercise1Screen.swift */,
				74477EB72367DD9E00168D6F /* PatientExercise5Screen.swift */,
				74477EB52367DD7900168D6F /* PatientExercise3Screen.swift */,
				74477EB32367DD4F00168D6F /* PhysioPatientRoutine1Screen.swift */,
				74477EB12367DCEB00168D6F /* PatientSingleRoutineScreen.swift */,
				74477EAF2367DCB600168D6F /* PatientRoutinesScreen.swift */,
				74477EAD2367DC7B00168D6F /* PhysioPatientRoutines.swift */,
				74477EAB2367DC3100168D6F /* PatientInfoScreen.swift */,
				74477EA92367DBD300168D6F /* PatientHomeScreen.swift */,
				74477EC12367DE4500168D6F /* PhysioHomeScreen.swift */,
				74477E842367A71000168D6F /* Assets.xcassets */,
				74477E892367A71000168D6F /* Info.plist */,
			);
			path = StabilityLink;
			sourceTree = "<group>";
		};
/* End PBXGroup section */

/* Begin PBXNativeTarget section */
		74477E772367A70B00168D6F /* StabilityLink */ = {
			isa = PBXNativeTarget;
			buildConfigurationList = 74477E8C2367A71000168D6F /* Build configuration list for PBXNativeTarget "StabilityLink" */;
			buildPhases = (
				74477E742367A70B00168D6F /* Sources */,
				74477E752367A70B00168D6F /* Frameworks */,
				74477E762367A70B00168D6F /* Resources */,
			);
			buildRules = (
			);
			dependencies = (
			);
			name = StabilityLink;
			productName = StabilityLink;
			productReference = 74477E782367A70B00168D6F /* StabilityLink.app */;
			productType = "com.apple.product-type.application";
		};
/* End PBXNativeTarget section */

/* Begin PBXProject section */
		74477E702367A70B00168D6F /* Project object */ = {
			isa = PBXProject;
			attributes = {
				LastSwiftUpdateCheck = 1110;
				LastUpgradeCheck = 1110;
				ORGANIZATIONNAME = "Daimon Gill";
				TargetAttributes = {
					74477E772367A70B00168D6F = {
						CreatedOnToolsVersion = 11.1;
					};
				};
			};
			buildConfigurationList = 74477E732367A70B00168D6F /* Build configuration list for PBXProject "StabilityLink" */;
			compatibilityVersion = "Xcode 9.3";
			developmentRegion = en;
			hasScannedForEncodings = 0;
			knownRegions = (
				en,
				Base,
			);
			mainGroup = 74477E6F2367A70B00168D6F;
			productRefGroup = 74477E792367A70B00168D6F /* Products */;
			projectDirPath = "";
			projectRoot = "";
			targets = (
				74477E772367A70B00168D6F /* StabilityLink */,
			);
		};
/* End PBXProject section */

/* Begin PBXResourcesBuildPhase section */
		74477E762367A70B00168D6F /* Resources */ = {
			isa = PBXResourcesBuildPhase;
			buildActionMask = 2147483647;
			files = (
				74477E882367A71000168D6F /* LaunchScreen.storyboard in Resources */,
				74477E852367A71000168D6F /* Assets.xcassets in Resources */,
				74477E832367A70B00168D6F /* Main.storyboard in Resources */,
			);
			runOnlyForDeploymentPostprocessing = 0;
		};
/* End PBXResourcesBuildPhase section */

/* Begin PBXSourcesBuildPhase section */
		74477E742367A70B00168D6F /* Sources */ = {
			isa = PBXSourcesBuildPhase;
			buildActionMask = 2147483647;
			files = (
				74477EB22367DCEB00168D6F /* PatientSingleRoutineScreen.swift in Sources */,
				74477EBA2367DDB700168D6F /* PatientExercise1Screen.swift in Sources */,
				74477EAA2367DBD300168D6F /* PatientHomeScreen.swift in Sources */,
				74477EBC2367DDD000168D6F /* PatientExercise2Screen.swift in Sources */,
				74477EB42367DD4F00168D6F /* PhysioPatientRoutine1Screen.swift in Sources */,
				74477EB62367DD7900168D6F /* PatientExercise3Screen.swift in Sources */,
				74477EC22367DE4500168D6F /* PhysioHomeScreen.swift in Sources */,
				74477E802367A70B00168D6F /* ViewController.swift in Sources */,
				74477EAC2367DC3100168D6F /* PatientInfoScreen.swift in Sources */,
				74477EBE2367DDE200168D6F /* PatientExercise4Screen.swift in Sources */,
				74477EB02367DCB600168D6F /* PatientRoutinesScreen.swift in Sources */,
				74477E7C2367A70B00168D6F /* AppDelegate.swift in Sources */,
				74477EAE2367DC7B00168D6F /* PhysioPatientRoutines.swift in Sources */,
				74477EC02367DE1D00168D6F /* PhysioAddingExerciseScreen.swift in Sources */,
				74477EC42367DE6900168D6F /* PhysioAddNewPatientScreen.swift in Sources */,
				74477EB82367DD9E00168D6F /* PatientExercise5Screen.swift in Sources */,
				74477E7E2367A70B00168D6F /* SceneDelegate.swift in Sources */,
			);
			runOnlyForDeploymentPostprocessing = 0;
		};
/* End PBXSourcesBuildPhase section */

/* Begin PBXVariantGroup section */
		74477E812367A70B00168D6F /* Main.storyboard */ = {
			isa = PBXVariantGroup;
			children = (
				74477E822367A70B00168D6F /* Base */,
			);
			name = Main.storyboard;
			sourceTree = "<group>";
		};
		74477E862367A71000168D6F /* LaunchScreen.storyboard */ = {
			isa = PBXVariantGroup;
			children = (
				74477E872367A71000168D6F /* Base */,
			);
			name = LaunchScreen.storyboard;
			sourceTree = "<group>";
		};
/* End PBXVariantGroup section */

/* Begin XCBuildConfiguration section */
		74477E8A2367A71000168D6F /* Debug */ = {
			isa = XCBuildConfiguration;
			buildSettings = {
				ALWAYS_SEARCH_USER_PATHS = NO;
				CLANG_ANALYZER_NONNULL = YES;
				CLANG_ANALYZER_NUMBER_OBJECT_CONVERSION = YES_AGGRESSIVE;
				CLANG_CXX_LANGUAGE_STANDARD = "gnu++14";
				CLANG_CXX_LIBRARY = "libc++";
				CLANG_ENABLE_MODULES = YES;
				CLANG_ENABLE_OBJC_ARC = YES;
				CLANG_ENABLE_OBJC_WEAK = YES;
				CLANG_WARN_BLOCK_CAPTURE_AUTORELEASING = YES;
				CLANG_WARN_BOOL_CONVERSION = YES;
				CLANG_WARN_COMMA = YES;
				CLANG_WARN_CONSTANT_CONVERSION = YES;
				CLANG_WARN_DEPRECATED_OBJC_IMPLEMENTATIONS = YES;
				CLANG_WARN_DIRECT_OBJC_ISA_USAGE = YES_ERROR;
				CLANG_WARN_DOCUMENTATION_COMMENTS = YES;
				CLANG_WARN_EMPTY_BODY = YES;
				CLANG_WARN_ENUM_CONVERSION = YES;
				CLANG_WARN_INFINITE_RECURSION = YES;
				CLANG_WARN_INT_CONVERSION = YES;
				CLANG_WARN_NON_LITERAL_NULL_CONVERSION = YES;
				CLANG_WARN_OBJC_IMPLICIT_RETAIN_SELF = YES;
				CLANG_WARN_OBJC_LITERAL_CONVERSION = YES;
				CLANG_WARN_OBJC_ROOT_CLASS = YES_ERROR;
				CLANG_WARN_RANGE_LOOP_ANALYSIS = YES;
				CLANG_WARN_STRICT_PROTOTYPES = YES;
				CLANG_WARN_SUSPICIOUS_MOVE = YES;
				CLANG_WARN_UNGUARDED_AVAILABILITY = YES_AGGRESSIVE;
				CLANG_WARN_UNREACHABLE_CODE = YES;
				CLANG_WARN__DUPLICATE_METHOD_MATCH = YES;
				COPY_PHASE_STRIP = NO;
				DEBUG_INFORMATION_FORMAT = dwarf;
				ENABLE_STRICT_OBJC_MSGSEND = YES;
				ENABLE_TESTABILITY = YES;
				GCC_C_LANGUAGE_STANDARD = gnu11;
				GCC_DYNAMIC_NO_PIC = NO;
				GCC_NO_COMMON_BLOCKS = YES;
				GCC_OPTIMIZATION_LEVEL = 0;
				GCC_PREPROCESSOR_DEFINITIONS = (
					"DEBUG=1",
					"$(inherited)",
				);
				GCC_WARN_64_TO_32_BIT_CONVERSION = YES;
				GCC_WARN_ABOUT_RETURN_TYPE = YES_ERROR;
				GCC_WARN_UNDECLARED_SELECTOR = YES;
				GCC_WARN_UNINITIALIZED_AUTOS = YES_AGGRESSIVE;
				GCC_WARN_UNUSED_FUNCTION = YES;
				GCC_WARN_UNUSED_VARIABLE = YES;
				IPHONEOS_DEPLOYMENT_TARGET = 13.1;
				MTL_ENABLE_DEBUG_INFO = INCLUDE_SOURCE;
				MTL_FAST_MATH = YES;
				ONLY_ACTIVE_ARCH = YES;
				SDKROOT = iphoneos;
				SWIFT_ACTIVE_COMPILATION_CONDITIONS = DEBUG;
				SWIFT_OPTIMIZATION_LEVEL = "-Onone";
			};
			name = Debug;
		};
		74477E8B2367A71000168D6F /* Release */ = {
			isa = XCBuildConfiguration;
			buildSettings = {
				ALWAYS_SEARCH_USER_PATHS = NO;
				CLANG_ANALYZER_NONNULL = YES;
				CLANG_ANALYZER_NUMBER_OBJECT_CONVERSION = YES_AGGRESSIVE;
				CLANG_CXX_LANGUAGE_STANDARD = "gnu++14";
				CLANG_CXX_LIBRARY = "libc++";
				CLANG_ENABLE_MODULES = YES;
				CLANG_ENABLE_OBJC_ARC = YES;
				CLANG_ENABLE_OBJC_WEAK = YES;
				CLANG_WARN_BLOCK_CAPTURE_AUTORELEASING = YES;
				CLANG_WARN_BOOL_CONVERSION = YES;
				CLANG_WARN_COMMA = YES;
				CLANG_WARN_CONSTANT_CONVERSION = YES;
				CLANG_WARN_DEPRECATED_OBJC_IMPLEMENTATIONS = YES;
				CLANG_WARN_DIRECT_OBJC_ISA_USAGE = YES_ERROR;
				CLANG_WARN_DOCUMENTATION_COMMENTS = YES;
				CLANG_WARN_EMPTY_BODY = YES;
				CLANG_WARN_ENUM_CONVERSION = YES;
				CLANG_WARN_INFINITE_RECURSION = YES;
				CLANG_WARN_INT_CONVERSION = YES;
				CLANG_WARN_NON_LITERAL_NULL_CONVERSION = YES;
				CLANG_WARN_OBJC_IMPLICIT_RETAIN_SELF = YES;
				CLANG_WARN_OBJC_LITERAL_CONVERSION = YES;
				CLANG_WARN_OBJC_ROOT_CLASS = YES_ERROR;
				CLANG_WARN_RANGE_LOOP_ANALYSIS = YES;
				CLANG_WARN_STRICT_PROTOTYPES = YES;
				CLANG_WARN_SUSPICIOUS_MOVE = YES;
				CLANG_WARN_UNGUARDED_AVAILABILITY = YES_AGGRESSIVE;
				CLANG_WARN_UNREACHABLE_CODE = YES;
				CLANG_WARN__DUPLICATE_METHOD_MATCH = YES;
				COPY_PHASE_STRIP = NO;
				DEBUG_INFORMATION_FORMAT = "dwarf-with-dsym";
				ENABLE_NS_ASSERTIONS = NO;
				ENABLE_STRICT_OBJC_MSGSEND = YES;
				GCC_C_LANGUAGE_STANDARD = gnu11;
				GCC_NO_COMMON_BLOCKS = YES;
				GCC_WARN_64_TO_32_BIT_CONVERSION = YES;
				GCC_WARN_ABOUT_RETURN_TYPE = YES_ERROR;
				GCC_WARN_UNDECLARED_SELECTOR = YES;
				GCC_WARN_UNINITIALIZED_AUTOS = YES_AGGRESSIVE;
				GCC_WARN_UNUSED_FUNCTION = YES;
				GCC_WARN_UNUSED_VARIABLE = YES;
				IPHONEOS_DEPLOYMENT_TARGET = 13.1;
				MTL_ENABLE_DEBUG_INFO = NO;
				MTL_FAST_MATH = YES;
				SDKROOT = iphoneos;
				SWIFT_COMPILATION_MODE = wholemodule;
				SWIFT_OPTIMIZATION_LEVEL = "-O";
				VALIDATE_PRODUCT = YES;
			};
			name = Release;
		};
		74477E8D2367A71000168D6F /* Debug */ = {
			isa = XCBuildConfiguration;
			buildSettings = {
				ASSETCATALOG_COMPILER_APPICON_NAME = AppIcon;
				CODE_SIGN_STYLE = Automatic;
				DEVELOPMENT_TEAM = RWUH9B2M89;
				INFOPLIST_FILE = StabilityLink/Info.plist;
				IPHONEOS_DEPLOYMENT_TARGET = 13.0;
				LD_RUNPATH_SEARCH_PATHS = (
					"$(inherited)",
					"@executable_path/Frameworks",
				);
				PRODUCT_BUNDLE_IDENTIFIER = com.daimongill.StabilityLink;
				PRODUCT_NAME = "$(TARGET_NAME)";
				SWIFT_VERSION = 5.0;
				TARGETED_DEVICE_FAMILY = "1,2";
			};
			name = Debug;
		};
		74477E8E2367A71000168D6F /* Release */ = {
			isa = XCBuildConfiguration;
			buildSettings = {
				ASSETCATALOG_COMPILER_APPICON_NAME = AppIcon;
				CODE_SIGN_STYLE = Automatic;
				DEVELOPMENT_TEAM = RWUH9B2M89;
				INFOPLIST_FILE = StabilityLink/Info.plist;
				IPHONEOS_DEPLOYMENT_TARGET = 13.0;
				LD_RUNPATH_SEARCH_PATHS = (
					"$(inherited)",
					"@executable_path/Frameworks",
				);
				PRODUCT_BUNDLE_IDENTIFIER = com.daimongill.StabilityLink;
				PRODUCT_NAME = "$(TARGET_NAME)";
				SWIFT_VERSION = 5.0;
				TARGETED_DEVICE_FAMILY = "1,2";
			};
			name = Release;
		};
/* End XCBuildConfiguration section */

/* Begin XCConfigurationList section */
		74477E732367A70B00168D6F /* Build configuration list for PBXProject "StabilityLink" */ = {
			isa = XCConfigurationList;
			buildConfigurations = (
				74477E8A2367A71000168D6F /* Debug */,
				74477E8B2367A71000168D6F /* Release */,
			);
			defaultConfigurationIsVisible = 0;
			defaultConfigurationName = Release;
		};
		74477E8C2367A71000168D6F /* Build configuration list for PBXNativeTarget "StabilityLink" */ = {
			isa = XCConfigurationList;
			buildConfigurations = (
				74477E8D2367A71000168D6F /* Debug */,
				74477E8E2367A71000168D6F /* Release */,
			);
			defaultConfigurationIsVisible = 0;
			defaultConfigurationName = Release;
		};
/* End XCConfigurationList section */
	};
	rootObject = 74477E702367A70B00168D6F /* Project object */;
}
