// !$*UTF8*$!
{
	archiveVersion = 1;
	classes = {
	};
	objectVersion = 50;
	objects = {

/* Begin PBXBuildFile section */
		74477E7C2367A70B00168D6F /* AppDelegate.swift in Sources */ = {isa = PBXBuildFile; fileRef = 74477E7B2367A70B00168D6F /* AppDelegate.swift */; };
		74477E7E2367A70B00168D6F /* SceneDelegate.swift in Sources */ = {isa = PBXBuildFile; fileRef = 74477E7D2367A70B00168D6F /* SceneDelegate.swift */; };
		74477E802367A70B00168D6F /* ViewController.swift in Sources */ = {isa = PBXBuildFile; fileRef = 74477E7F2367A70B00168D6F /* ViewController.swift */; };
		74477E832367A70B00168D6F /* Main.storyboard in Resources */ = {isa = PBXBuildFile; fileRef = 74477E812367A70B00168D6F /* Main.storyboard */; };
		74477E852367A71000168D6F /* Assets.xcassets in Resources */ = {isa = PBXBuildFile; fileRef = 74477E842367A71000168D6F /* Assets.xcassets */; };
		74477E882367A71000168D6F /* LaunchScreen.storyboard in Resources */ = {isa = PBXBuildFile; fileRef = 74477E862367A71000168D6F /* LaunchScreen.storyboard */; };
		74477E902367A81E00168D6F /* PhysioHome.storyboard in Resources */ = {isa = PBXBuildFile; fileRef = 74477E8F2367A81E00168D6F /* PhysioHome.storyboard */; };
		74477E922367A82B00168D6F /* PatientHome.storyboard in Resources */ = {isa = PBXBuildFile; fileRef = 74477E912367A82B00168D6F /* PatientHome.storyboard */; };
		74477E942367A8A700168D6F /* PhysioPatientSettings.storyboard in Resources */ = {isa = PBXBuildFile; fileRef = 74477E932367A8A700168D6F /* PhysioPatientSettings.storyboard */; };
		74477E962367A92900168D6F /* PhysioRoutineEditor.storyboard in Resources */ = {isa = PBXBuildFile; fileRef = 74477E952367A92900168D6F /* PhysioRoutineEditor.storyboard */; };
		74477E982367A99A00168D6F /* PhysioExerciseAdder.storyboard in Resources */ = {isa = PBXBuildFile; fileRef = 74477E972367A99A00168D6F /* PhysioExerciseAdder.storyboard */; };
		74477E9A2367AA3900168D6F /* PatientRoutineInfo.storyboard in Resources */ = {isa = PBXBuildFile; fileRef = 74477E992367AA3900168D6F /* PatientRoutineInfo.storyboard */; };
		74477E9C2367AA7300168D6F /* PatientExercise1.storyboard in Resources */ = {isa = PBXBuildFile; fileRef = 74477E9B2367AA7300168D6F /* PatientExercise1.storyboard */; };
		74477E9E2367AA7F00168D6F /* PatientExercise2.storyboard in Resources */ = {isa = PBXBuildFile; fileRef = 74477E9D2367AA7F00168D6F /* PatientExercise2.storyboard */; };
		74477EA02367AA8C00168D6F /* PatientExercise3.storyboard in Resources */ = {isa = PBXBuildFile; fileRef = 74477E9F2367AA8C00168D6F /* PatientExercise3.storyboard */; };
		74477EA22367AABA00168D6F /* PatientExercise4.storyboard in Resources */ = {isa = PBXBuildFile; fileRef = 74477EA12367AABA00168D6F /* PatientExercise4.storyboard */; };
		74477EA42367AAC500168D6F /* PatientExercise5.storyboard in Resources */ = {isa = PBXBuildFile; fileRef = 74477EA32367AAC500168D6F /* PatientExercise5.storyboard */; };
/* End PBXBuildFile section */

/* Begin PBXFileReference section */
		74477E782367A70B00168D6F /* StabilityLink.app */ = {isa = PBXFileReference; explicitFileType = wrapper.application; includeInIndex = 0; path = StabilityLink.app; sourceTree = BUILT_PRODUCTS_DIR; };
		74477E7B2367A70B00168D6F /* AppDelegate.swift */ = {isa = PBXFileReference; lastKnownFileType = sourcecode.swift; path = AppDelegate.swift; sourceTree = "<group>"; };
		74477E7D2367A70B00168D6F /* SceneDelegate.swift */ = {isa = PBXFileReference; lastKnownFileType = sourcecode.swift; path = SceneDelegate.swift; sourceTree = "<group>"; };
		74477E7F2367A70B00168D6F /* ViewController.swift */ = {isa = PBXFileReference; lastKnownFileType = sourcecode.swift; path = ViewController.swift; sourceTree = "<group>"; };
		74477E822367A70B00168D6F /* Base */ = {isa = PBXFileReference; lastKnownFileType = file.storyboard; name = Base; path = Base.lproj/Main.storyboard; sourceTree = "<group>"; };
		74477E842367A71000168D6F /* Assets.xcassets */ = {isa = PBXFileReference; lastKnownFileType = folder.assetcatalog; path = Assets.xcassets; sourceTree = "<group>"; };
		74477E872367A71000168D6F /* Base */ = {isa = PBXFileReference; lastKnownFileType = file.storyboard; name = Base; path = Base.lproj/LaunchScreen.storyboard; sourceTree = "<group>"; };
		74477E892367A71000168D6F /* Info.plist */ = {isa = PBXFileReference; lastKnownFileType = text.plist.xml; path = Info.plist; sourceTree = "<group>"; };
		74477E8F2367A81E00168D6F /* PhysioHome.storyboard */ = {isa = PBXFileReference; lastKnownFileType = file.storyboard; path = PhysioHome.storyboard; sourceTree = "<group>"; };
		74477E912367A82B00168D6F /* PatientHome.storyboard */ = {isa = PBXFileReference; lastKnownFileType = file.storyboard; path = PatientHome.storyboard; sourceTree = "<group>"; };
		74477E932367A8A700168D6F /* PhysioPatientSettings.storyboard */ = {isa = PBXFileReference; lastKnownFileType = file.storyboard; path = PhysioPatientSettings.storyboard; sourceTree = "<group>"; };
		74477E952367A92900168D6F /* PhysioRoutineEditor.storyboard */ = {isa = PBXFileReference; lastKnownFileType = file.storyboard; path = PhysioRoutineEditor.storyboard; sourceTree = "<group>"; };
		74477E972367A99A00168D6F /* PhysioExerciseAdder.storyboard */ = {isa = PBXFileReference; lastKnownFileType = file.storyboard; path = PhysioExerciseAdder.storyboard; sourceTree = "<group>"; };
		74477E992367AA3900168D6F /* PatientRoutineInfo.storyboard */ = {isa = PBXFileReference; lastKnownFileType = file.storyboard; path = PatientRoutineInfo.storyboard; sourceTree = "<group>"; };
		74477E9B2367AA7300168D6F /* PatientExercise1.storyboard */ = {isa = PBXFileReference; lastKnownFileType = file.storyboard; path = PatientExercise1.storyboard; sourceTree = "<group>"; };
		74477E9D2367AA7F00168D6F /* PatientExercise2.storyboard */ = {isa = PBXFileReference; lastKnownFileType = file.storyboard; path = PatientExercise2.storyboard; sourceTree = "<group>"; };
		74477E9F2367AA8C00168D6F /* PatientExercise3.storyboard */ = {isa = PBXFileReference; lastKnownFileType = file.storyboard; path = PatientExercise3.storyboard; sourceTree = "<group>"; };
		74477EA12367AABA00168D6F /* PatientExercise4.storyboard */ = {isa = PBXFileReference; lastKnownFileType = file.storyboard; path = PatientExercise4.storyboard; sourceTree = "<group>"; };
		74477EA32367AAC500168D6F /* PatientExercise5.storyboard */ = {isa = PBXFileReference; lastKnownFileType = file.storyboard; path = PatientExercise5.storyboard; sourceTree = "<group>"; };
/* End PBXFileReference section */

/* Begin PBXFrameworksBuildPhase section */
		74477E752367A70B00168D6F /* Frameworks */ = {
			isa = PBXFrameworksBuildPhase;
			buildActionMask = 2147483647;
			files = (
			);
			runOnlyForDeploymentPostprocessing = 0;
		};
/* End PBXFrameworksBuildPhase section */

/* Begin PBXGroup section */
		74477E6F2367A70B00168D6F = {
			isa = PBXGroup;
			children = (
				74477E7A2367A70B00168D6F /* StabilityLink */,
				74477E792367A70B00168D6F /* Products */,
			);
			sourceTree = "<group>";
		};
		74477E792367A70B00168D6F /* Products */ = {
			isa = PBXGroup;
			children = (
				74477E782367A70B00168D6F /* StabilityLink.app */,
			);
			name = Products;
			sourceTree = "<group>";
		};
		74477E7A2367A70B00168D6F /* StabilityLink */ = {
			isa = PBXGroup;
			children = (
				74477E7B2367A70B00168D6F /* AppDelegate.swift */,
				74477E7D2367A70B00168D6F /* SceneDelegate.swift */,
				74477E7F2367A70B00168D6F /* ViewController.swift */,
				74477E862367A71000168D6F /* LaunchScreen.storyboard */,
				74477E812367A70B00168D6F /* Main.storyboard */,
				74477E8F2367A81E00168D6F /* PhysioHome.storyboard */,
				74477E912367A82B00168D6F /* PatientHome.storyboard */,
				74477E932367A8A700168D6F /* PhysioPatientSettings.storyboard */,
				74477E952367A92900168D6F /* PhysioRoutineEditor.storyboard */,
				74477E972367A99A00168D6F /* PhysioExerciseAdder.storyboard */,
				74477E992367AA3900168D6F /* PatientRoutineInfo.storyboard */,
				74477E9B2367AA7300168D6F /* PatientExercise1.storyboard */,
				74477E9D2367AA7F00168D6F /* PatientExercise2.storyboard */,
				74477E9F2367AA8C00168D6F /* PatientExercise3.storyboard */,
				74477EA12367AABA00168D6F /* PatientExercise4.storyboard */,
				74477EA32367AAC500168D6F /* PatientExercise5.storyboard */,
				74477E842367A71000168D6F /* Assets.xcassets */,
				74477E892367A71000168D6F /* Info.plist */,
			);
			path = StabilityLink;
			sourceTree = "<group>";
		};
/* End PBXGroup section */

/* Begin PBXNativeTarget section */
		74477E772367A70B00168D6F /* StabilityLink */ = {
			isa = PBXNativeTarget;
			buildConfigurationList = 74477E8C2367A71000168D6F /* Build configuration list for PBXNativeTarget "StabilityLink" */;
			buildPhases = (
				74477E742367A70B00168D6F /* Sources */,
				74477E752367A70B00168D6F /* Frameworks */,
				74477E762367A70B00168D6F /* Resources */,
			);
			buildRules = (
			);
			dependencies = (
			);
			name = StabilityLink;
			productName = StabilityLink;
			productReference = 74477E782367A70B00168D6F /* StabilityLink.app */;
			productType = "com.apple.product-type.application";
		};
/* End PBXNativeTarget section */

/* Begin PBXProject section */
		74477E702367A70B00168D6F /* Project object */ = {
			isa = PBXProject;
			attributes = {
				LastSwiftUpdateCheck = 1110;
				LastUpgradeCheck = 1110;
				ORGANIZATIONNAME = "Daimon Gill";
				TargetAttributes = {
					74477E772367A70B00168D6F = {
						CreatedOnToolsVersion = 11.1;
					};
				};
			};
			buildConfigurationList = 74477E732367A70B00168D6F /* Build configuration list for PBXProject "StabilityLink" */;
			compatibilityVersion = "Xcode 9.3";
			developmentRegion = en;
			hasScannedForEncodings = 0;
			knownRegions = (
				en,
				Base,
			);
			mainGroup = 74477E6F2367A70B00168D6F;
			productRefGroup = 74477E792367A70B00168D6F /* Products */;
			projectDirPath = "";
			projectRoot = "";
			targets = (
				74477E772367A70B00168D6F /* StabilityLink */,
			);
		};
/* End PBXProject section */

/* Begin PBXResourcesBuildPhase section */
		74477E762367A70B00168D6F /* Resources */ = {
			isa = PBXResourcesBuildPhase;
			buildActionMask = 2147483647;
			files = (
				74477E9E2367AA7F00168D6F /* PatientExercise2.storyboard in Resources */,
				74477E942367A8A700168D6F /* PhysioPatientSettings.storyboard in Resources */,
				74477EA22367AABA00168D6F /* PatientExercise4.storyboard in Resources */,
				74477EA02367AA8C00168D6F /* PatientExercise3.storyboard in Resources */,
				74477E982367A99A00168D6F /* PhysioExerciseAdder.storyboard in Resources */,
				74477E9C2367AA7300168D6F /* PatientExercise1.storyboard in Resources */,
				74477E882367A71000168D6F /* LaunchScreen.storyboard in Resources */,
				74477E962367A92900168D6F /* PhysioRoutineEditor.storyboard in Resources */,
				74477EA42367AAC500168D6F /* PatientExercise5.storyboard in Resources */,
				74477E902367A81E00168D6F /* PhysioHome.storyboard in Resources */,
				74477E852367A71000168D6F /* Assets.xcassets in Resources */,
				74477E922367A82B00168D6F /* PatientHome.storyboard in Resources */,
				74477E9A2367AA3900168D6F /* PatientRoutineInfo.storyboard in Resources */,
				74477E832367A70B00168D6F /* Main.storyboard in Resources */,
			);
			runOnlyForDeploymentPostprocessing = 0;
		};
/* End PBXResourcesBuildPhase section */

/* Begin PBXSourcesBuildPhase section */
		74477E742367A70B00168D6F /* Sources */ = {
			isa = PBXSourcesBuildPhase;
			buildActionMask = 2147483647;
			files = (
				74477E802367A70B00168D6F /* ViewController.swift in Sources */,
				74477E7C2367A70B00168D6F /* AppDelegate.swift in Sources */,
				74477E7E2367A70B00168D6F /* SceneDelegate.swift in Sources */,
			);
			runOnlyForDeploymentPostprocessing = 0;
		};
/* End PBXSourcesBuildPhase section */

/* Begin PBXVariantGroup section */
		74477E812367A70B00168D6F /* Main.storyboard */ = {
			isa = PBXVariantGroup;
			children = (
				74477E822367A70B00168D6F /* Base */,
			);
			name = Main.storyboard;
			sourceTree = "<group>";
		};
		74477E862367A71000168D6F /* LaunchScreen.storyboard */ = {
			isa = PBXVariantGroup;
			children = (
				74477E872367A71000168D6F /* Base */,
			);
			name = LaunchScreen.storyboard;
			sourceTree = "<group>";
		};
/* End PBXVariantGroup section */

/* Begin XCBuildConfiguration section */
		74477E8A2367A71000168D6F /* Debug */ = {
			isa = XCBuildConfiguration;
			buildSettings = {
				ALWAYS_SEARCH_USER_PATHS = NO;
				CLANG_ANALYZER_NONNULL = YES;
				CLANG_ANALYZER_NUMBER_OBJECT_CONVERSION = YES_AGGRESSIVE;
				CLANG_CXX_LANGUAGE_STANDARD = "gnu++14";
				CLANG_CXX_LIBRARY = "libc++";
				CLANG_ENABLE_MODULES = YES;
				CLANG_ENABLE_OBJC_ARC = YES;
				CLANG_ENABLE_OBJC_WEAK = YES;
				CLANG_WARN_BLOCK_CAPTURE_AUTORELEASING = YES;
				CLANG_WARN_BOOL_CONVERSION = YES;
				CLANG_WARN_COMMA = YES;
				CLANG_WARN_CONSTANT_CONVERSION = YES;
				CLANG_WARN_DEPRECATED_OBJC_IMPLEMENTATIONS = YES;
				CLANG_WARN_DIRECT_OBJC_ISA_USAGE = YES_ERROR;
				CLANG_WARN_DOCUMENTATION_COMMENTS = YES;
				CLANG_WARN_EMPTY_BODY = YES;
				CLANG_WARN_ENUM_CONVERSION = YES;
				CLANG_WARN_INFINITE_RECURSION = YES;
				CLANG_WARN_INT_CONVERSION = YES;
				CLANG_WARN_NON_LITERAL_NULL_CONVERSION = YES;
				CLANG_WARN_OBJC_IMPLICIT_RETAIN_SELF = YES;
				CLANG_WARN_OBJC_LITERAL_CONVERSION = YES;
				CLANG_WARN_OBJC_ROOT_CLASS = YES_ERROR;
				CLANG_WARN_RANGE_LOOP_ANALYSIS = YES;
				CLANG_WARN_STRICT_PROTOTYPES = YES;
				CLANG_WARN_SUSPICIOUS_MOVE = YES;
				CLANG_WARN_UNGUARDED_AVAILABILITY = YES_AGGRESSIVE;
				CLANG_WARN_UNREACHABLE_CODE = YES;
				CLANG_WARN__DUPLICATE_METHOD_MATCH = YES;
				COPY_PHASE_STRIP = NO;
				DEBUG_INFORMATION_FORMAT = dwarf;
				ENABLE_STRICT_OBJC_MSGSEND = YES;
				ENABLE_TESTABILITY = YES;
				GCC_C_LANGUAGE_STANDARD = gnu11;
				GCC_DYNAMIC_NO_PIC = NO;
				GCC_NO_COMMON_BLOCKS = YES;
				GCC_OPTIMIZATION_LEVEL = 0;
				GCC_PREPROCESSOR_DEFINITIONS = (
					"DEBUG=1",
					"$(inherited)",
				);
				GCC_WARN_64_TO_32_BIT_CONVERSION = YES;
				GCC_WARN_ABOUT_RETURN_TYPE = YES_ERROR;
				GCC_WARN_UNDECLARED_SELECTOR = YES;
				GCC_WARN_UNINITIALIZED_AUTOS = YES_AGGRESSIVE;
				GCC_WARN_UNUSED_FUNCTION = YES;
				GCC_WARN_UNUSED_VARIABLE = YES;
				IPHONEOS_DEPLOYMENT_TARGET = 13.1;
				MTL_ENABLE_DEBUG_INFO = INCLUDE_SOURCE;
				MTL_FAST_MATH = YES;
				ONLY_ACTIVE_ARCH = YES;
				SDKROOT = iphoneos;
				SWIFT_ACTIVE_COMPILATION_CONDITIONS = DEBUG;
				SWIFT_OPTIMIZATION_LEVEL = "-Onone";
			};
			name = Debug;
		};
		74477E8B2367A71000168D6F /* Release */ = {
			isa = XCBuildConfiguration;
			buildSettings = {
				ALWAYS_SEARCH_USER_PATHS = NO;
				CLANG_ANALYZER_NONNULL = YES;
				CLANG_ANALYZER_NUMBER_OBJECT_CONVERSION = YES_AGGRESSIVE;
				CLANG_CXX_LANGUAGE_STANDARD = "gnu++14";
				CLANG_CXX_LIBRARY = "libc++";
				CLANG_ENABLE_MODULES = YES;
				CLANG_ENABLE_OBJC_ARC = YES;
				CLANG_ENABLE_OBJC_WEAK = YES;
				CLANG_WARN_BLOCK_CAPTURE_AUTORELEASING = YES;
				CLANG_WARN_BOOL_CONVERSION = YES;
				CLANG_WARN_COMMA = YES;
				CLANG_WARN_CONSTANT_CONVERSION = YES;
				CLANG_WARN_DEPRECATED_OBJC_IMPLEMENTATIONS = YES;
				CLANG_WARN_DIRECT_OBJC_ISA_USAGE = YES_ERROR;
				CLANG_WARN_DOCUMENTATION_COMMENTS = YES;
				CLANG_WARN_EMPTY_BODY = YES;
				CLANG_WARN_ENUM_CONVERSION = YES;
				CLANG_WARN_INFINITE_RECURSION = YES;
				CLANG_WARN_INT_CONVERSION = YES;
				CLANG_WARN_NON_LITERAL_NULL_CONVERSION = YES;
				CLANG_WARN_OBJC_IMPLICIT_RETAIN_SELF = YES;
				CLANG_WARN_OBJC_LITERAL_CONVERSION = YES;
				CLANG_WARN_OBJC_ROOT_CLASS = YES_ERROR;
				CLANG_WARN_RANGE_LOOP_ANALYSIS = YES;
				CLANG_WARN_STRICT_PROTOTYPES = YES;
				CLANG_WARN_SUSPICIOUS_MOVE = YES;
				CLANG_WARN_UNGUARDED_AVAILABILITY = YES_AGGRESSIVE;
				CLANG_WARN_UNREACHABLE_CODE = YES;
				CLANG_WARN__DUPLICATE_METHOD_MATCH = YES;
				COPY_PHASE_STRIP = NO;
				DEBUG_INFORMATION_FORMAT = "dwarf-with-dsym";
				ENABLE_NS_ASSERTIONS = NO;
				ENABLE_STRICT_OBJC_MSGSEND = YES;
				GCC_C_LANGUAGE_STANDARD = gnu11;
				GCC_NO_COMMON_BLOCKS = YES;
				GCC_WARN_64_TO_32_BIT_CONVERSION = YES;
				GCC_WARN_ABOUT_RETURN_TYPE = YES_ERROR;
				GCC_WARN_UNDECLARED_SELECTOR = YES;
				GCC_WARN_UNINITIALIZED_AUTOS = YES_AGGRESSIVE;
				GCC_WARN_UNUSED_FUNCTION = YES;
				GCC_WARN_UNUSED_VARIABLE = YES;
				IPHONEOS_DEPLOYMENT_TARGET = 13.1;
				MTL_ENABLE_DEBUG_INFO = NO;
				MTL_FAST_MATH = YES;
				SDKROOT = iphoneos;
				SWIFT_COMPILATION_MODE = wholemodule;
				SWIFT_OPTIMIZATION_LEVEL = "-O";
				VALIDATE_PRODUCT = YES;
			};
			name = Release;
		};
		74477E8D2367A71000168D6F /* Debug */ = {
			isa = XCBuildConfiguration;
			buildSettings = {
				ASSETCATALOG_COMPILER_APPICON_NAME = AppIcon;
				CODE_SIGN_STYLE = Automatic;
				DEVELOPMENT_TEAM = RWUH9B2M89;
				INFOPLIST_FILE = StabilityLink/Info.plist;
				LD_RUNPATH_SEARCH_PATHS = (
					"$(inherited)",
					"@executable_path/Frameworks",
				);
				PRODUCT_BUNDLE_IDENTIFIER = com.daimongill.StabilityLink;
				PRODUCT_NAME = "$(TARGET_NAME)";
				SWIFT_VERSION = 5.0;
				TARGETED_DEVICE_FAMILY = "1,2";
			};
			name = Debug;
		};
		74477E8E2367A71000168D6F /* Release */ = {
			isa = XCBuildConfiguration;
			buildSettings = {
				ASSETCATALOG_COMPILER_APPICON_NAME = AppIcon;
				CODE_SIGN_STYLE = Automatic;
				DEVELOPMENT_TEAM = RWUH9B2M89;
				INFOPLIST_FILE = StabilityLink/Info.plist;
				LD_RUNPATH_SEARCH_PATHS = (
					"$(inherited)",
					"@executable_path/Frameworks",
				);
				PRODUCT_BUNDLE_IDENTIFIER = com.daimongill.StabilityLink;
				PRODUCT_NAME = "$(TARGET_NAME)";
				SWIFT_VERSION = 5.0;
				TARGETED_DEVICE_FAMILY = "1,2";
			};
			name = Release;
		};
/* End XCBuildConfiguration section */

/* Begin XCConfigurationList section */
		74477E732367A70B00168D6F /* Build configuration list for PBXProject "StabilityLink" */ = {
			isa = XCConfigurationList;
			buildConfigurations = (
				74477E8A2367A71000168D6F /* Debug */,
				74477E8B2367A71000168D6F /* Release */,
			);
			defaultConfigurationIsVisible = 0;
			defaultConfigurationName = Release;
		};
		74477E8C2367A71000168D6F /* Build configuration list for PBXNativeTarget "StabilityLink" */ = {
			isa = XCConfigurationList;
			buildConfigurations = (
				74477E8D2367A71000168D6F /* Debug */,
				74477E8E2367A71000168D6F /* Release */,
			);
			defaultConfigurationIsVisible = 0;
			defaultConfigurationName = Release;
		};
/* End XCConfigurationList section */
	};
	rootObject = 74477E702367A70B00168D6F /* Project object */;
}
